
Microsoft Visual Studio Solution File, Format Version 12.00
# Visual Studio Version 16
VisualStudioVersion = 16.0.32228.343
MinimumVisualStudioVersion = 10.0.40219.1
Project("{9A19103F-16F7-4668-BE54-9A1E7A4F7556}") = "CustomIdentity", "CustomIdentity\CustomIdentity.csproj", "{20317515-957E-45B0-BC0D-B832ED361AA9}"
EndProject
Global
	GlobalSection(SolutionConfigurationPlatforms) = preSolution
		Debug|Any CPU = Debug|Any CPU
		Release|Any CPU = Release|Any CPU
	EndGlobalSection
	GlobalSection(ProjectConfigurationPlatforms) = postSolution
		{20317515-957E-45B0-BC0D-B832ED361AA9}.Debug|Any CPU.ActiveCfg = Debug|Any CPU
		{20317515-957E-45B0-BC0D-B832ED361AA9}.Debug|Any CPU.Build.0 = Debug|Any CPU
		{20317515-957E-45B0-BC0D-B832ED361AA9}.Release|Any CPU.ActiveCfg = Release|Any CPU
		{20317515-957E-45B0-BC0D-B832ED361AA9}.Release|Any CPU.Build.0 = Release|Any CPU
	EndGlobalSection
	GlobalSection(SolutionProperties) = preSolution
		HideSolutionNode = FALSE
	EndGlobalSection
	GlobalSection(ExtensibilityGlobals) = postSolution
		SolutionGuid = {D97F0060-7328-4E9C-A1A7-A5C54DF6967F}
	EndGlobalSection
EndGlobal
